
Microsoft Visual Studio Solution File, Format Version 12.00
# Visual Studio Version 18
VisualStudioVersion = 18.3.11312.210 d18.3
MinimumVisualStudioVersion = 10.0.40219.1
Project("{FAE04EC0-301F-11D3-BF4B-00C04F79EFBC}") = "ResilienceDemo.Api", "ResilienceDemo.Api.csproj", "{C7B40CE7-EDC4-4B2D-5BD8-1949979AB3E2}"
EndProject
Global
	GlobalSection(SolutionConfigurationPlatforms) = preSolution
		Debug|Any CPU = Debug|Any CPU
		Release|Any CPU = Release|Any CPU
	EndGlobalSection
	GlobalSection(ProjectConfigurationPlatforms) = postSolution
		{C7B40CE7-EDC4-4B2D-5BD8-1949979AB3E2}.Debug|Any CPU.ActiveCfg = Debug|Any CPU
		{C7B40CE7-EDC4-4B2D-5BD8-1949979AB3E2}.Debug|Any CPU.Build.0 = Debug|Any CPU
		{C7B40CE7-EDC4-4B2D-5BD8-1949979AB3E2}.Release|Any CPU.ActiveCfg = Release|Any CPU
		{C7B40CE7-EDC4-4B2D-5BD8-1949979AB3E2}.Release|Any CPU.Build.0 = Release|Any CPU
	EndGlobalSection
	GlobalSection(SolutionProperties) = preSolution
		HideSolutionNode = FALSE
	EndGlobalSection
	GlobalSection(ExtensibilityGlobals) = postSolution
		SolutionGuid = {02EB1545-200B-4837-BE44-8788F698B8BF}
	EndGlobalSection
EndGlobal
